
Microsoft Visual Studio Solution File, Format Version 12.00
# Visual Studio Version 17
VisualStudioVersion = 17.9.34728.123
MinimumVisualStudioVersion = 10.0.40219.1
Project("{FAE04EC0-301F-11D3-BF4B-00C04F79EFBC}") = "FilasEmC#", "FilasEmC#\FilasEmC#.csproj", "{FD48783A-40E0-4CC9-8E86-37F1C0D4CC86}"
EndProject
Global
	GlobalSection(SolutionConfigurationPlatforms) = preSolution
		Debug|Any CPU = Debug|Any CPU
		Release|Any CPU = Release|Any CPU
	EndGlobalSection
	GlobalSection(ProjectConfigurationPlatforms) = postSolution
		{FD48783A-40E0-4CC9-8E86-37F1C0D4CC86}.Debug|Any CPU.ActiveCfg = Debug|Any CPU
		{FD48783A-40E0-4CC9-8E86-37F1C0D4CC86}.Debug|Any CPU.Build.0 = Debug|Any CPU
		{FD48783A-40E0-4CC9-8E86-37F1C0D4CC86}.Release|Any CPU.ActiveCfg = Release|Any CPU
		{FD48783A-40E0-4CC9-8E86-37F1C0D4CC86}.Release|Any CPU.Build.0 = Release|Any CPU
	EndGlobalSection
	GlobalSection(SolutionProperties) = preSolution
		HideSolutionNode = FALSE
	EndGlobalSection
	GlobalSection(ExtensibilityGlobals) = postSolution
		SolutionGuid = {EFF8DEA2-DA24-4C25-B530-31602A75B1D3}
	EndGlobalSection
EndGlobal
